
Microsoft Visual Studio Solution File, Format Version 12.00
# Visual Studio Version 16
VisualStudioVersion = 16.0.31205.134
MinimumVisualStudioVersion = 10.0.40219.1
Project("{FAE04EC0-301F-11D3-BF4B-00C04F79EFBC}") = "CMS_Test", "CMS_Test\CMS_Test.csproj", "{977CB5F6-CA0A-4875-A13D-B2C20BF6233F}"
EndProject
Global
	GlobalSection(SolutionConfigurationPlatforms) = preSolution
		Debug|Any CPU = Debug|Any CPU
		Release|Any CPU = Release|Any CPU
	EndGlobalSection
	GlobalSection(ProjectConfigurationPlatforms) = postSolution
		{977CB5F6-CA0A-4875-A13D-B2C20BF6233F}.Debug|Any CPU.ActiveCfg = Debug|Any CPU
		{977CB5F6-CA0A-4875-A13D-B2C20BF6233F}.Debug|Any CPU.Build.0 = Debug|Any CPU
		{977CB5F6-CA0A-4875-A13D-B2C20BF6233F}.Release|Any CPU.ActiveCfg = Release|Any CPU
		{977CB5F6-CA0A-4875-A13D-B2C20BF6233F}.Release|Any CPU.Build.0 = Release|Any CPU
	EndGlobalSection
	GlobalSection(SolutionProperties) = preSolution
		HideSolutionNode = FALSE
	EndGlobalSection
	GlobalSection(ExtensibilityGlobals) = postSolution
		SolutionGuid = {3EBE46B9-0879-44A0-881D-C820BCFDBF38}
	EndGlobalSection
EndGlobal
